
Microsoft Visual Studio Solution File, Format Version 12.00
# Visual Studio 15
VisualStudioVersion = 15.0.28307.489
MinimumVisualStudioVersion = 10.0.40219.1
Project("{FAE04EC0-301F-11D3-BF4B-00C04F79EFBC}") = "GildedRose.Inventory", "GildedRose.Inventory.csproj", "{176C0214-9136-4079-8DAB-11D7420C3881}"
EndProject
Project("{FAE04EC0-301F-11D3-BF4B-00C04F79EFBC}") = "GildedRose.Test", "..\GildedRose.Test\GildedRose.Test.csproj", "{58B72659-DE4A-4DE7-B790-9DE97CB27E58}"
EndProject
Global
	GlobalSection(SolutionConfigurationPlatforms) = preSolution
		Debug|Any CPU = Debug|Any CPU
		Release|Any CPU = Release|Any CPU
	EndGlobalSection
	GlobalSection(ProjectConfigurationPlatforms) = postSolution
		{176C0214-9136-4079-8DAB-11D7420C3881}.Debug|Any CPU.ActiveCfg = Debug|Any CPU
		{176C0214-9136-4079-8DAB-11D7420C3881}.Debug|Any CPU.Build.0 = Debug|Any CPU
		{176C0214-9136-4079-8DAB-11D7420C3881}.Release|Any CPU.ActiveCfg = Release|Any CPU
		{176C0214-9136-4079-8DAB-11D7420C3881}.Release|Any CPU.Build.0 = Release|Any CPU
		{58B72659-DE4A-4DE7-B790-9DE97CB27E58}.Debug|Any CPU.ActiveCfg = Debug|Any CPU
		{58B72659-DE4A-4DE7-B790-9DE97CB27E58}.Debug|Any CPU.Build.0 = Debug|Any CPU
		{58B72659-DE4A-4DE7-B790-9DE97CB27E58}.Release|Any CPU.ActiveCfg = Release|Any CPU
		{58B72659-DE4A-4DE7-B790-9DE97CB27E58}.Release|Any CPU.Build.0 = Release|Any CPU
	EndGlobalSection
	GlobalSection(SolutionProperties) = preSolution
		HideSolutionNode = FALSE
	EndGlobalSection
	GlobalSection(ExtensibilityGlobals) = postSolution
		SolutionGuid = {59C12BD4-6620-4DE7-ABAF-08A7090632F5}
	EndGlobalSection
EndGlobal
